// !$*UTF8*$!
{
	archiveVersion = 1;
	classes = {
	};
	objectVersion = 56;
	objects = {

/* Begin PBXBuildFile section */
		5233C4142A9AA9C800E8AD4D /* UIViewController+Extension.swift in Sources */ = {isa = PBXBuildFile; fileRef = 5233C4132A9AA9C800E8AD4D /* UIViewController+Extension.swift */; };
		5233C4162A9AABE300E8AD4D /* User.swift in Sources */ = {isa = PBXBuildFile; fileRef = 5233C4152A9AABE300E8AD4D /* User.swift */; };
		5233C4192A9AAD6200E8AD4D /* JGProgressHUD in Frameworks */ = {isa = PBXBuildFile; productRef = 5233C4182A9AAD6200E8AD4D /* JGProgressHUD */; };
		5233C41B2A9B6DE100E8AD4D /* UberLoadingIndicator.swift in Sources */ = {isa = PBXBuildFile; fileRef = 5233C41A2A9B6DE100E8AD4D /* UberLoadingIndicator.swift */; };
		5283C8DC2A9A62D3000593DA /* FirebaseAuth in Frameworks */ = {isa = PBXBuildFile; productRef = 5283C8DB2A9A62D3000593DA /* FirebaseAuth */; };
		5283C8DE2A9A62D3000593DA /* FirebaseFirestore in Frameworks */ = {isa = PBXBuildFile; productRef = 5283C8DD2A9A62D3000593DA /* FirebaseFirestore */; };
		5283C8E02A9A62D3000593DA /* FirebaseFirestoreSwift in Frameworks */ = {isa = PBXBuildFile; productRef = 5283C8DF2A9A62D3000593DA /* FirebaseFirestoreSwift */; };
		5283C8E22A9A87AD000593DA /* HomeController.swift in Sources */ = {isa = PBXBuildFile; fileRef = 5283C8E12A9A87AD000593DA /* HomeController.swift */; };
		5283C8E72A9AA5AE000593DA /* AccountType.swift in Sources */ = {isa = PBXBuildFile; fileRef = 5283C8E62A9AA5AE000593DA /* AccountType.swift */; };
		5283C8E92A9AA6EE000593DA /* AuthServiceError.swift in Sources */ = {isa = PBXBuildFile; fileRef = 5283C8E82A9AA6EE000593DA /* AuthServiceError.swift */; };
		52F82EF62A89424A00816E34 /* AppDelegate.swift in Sources */ = {isa = PBXBuildFile; fileRef = 52F82EF52A89424A00816E34 /* AppDelegate.swift */; };
		52F82EF82A89424B00816E34 /* SceneDelegate.swift in Sources */ = {isa = PBXBuildFile; fileRef = 52F82EF72A89424B00816E34 /* SceneDelegate.swift */; };
		52F82EFF2A89424B00816E34 /* Assets.xcassets in Resources */ = {isa = PBXBuildFile; fileRef = 52F82EFE2A89424B00816E34 /* Assets.xcassets */; };
		52F82F022A89424B00816E34 /* LaunchScreen.storyboard in Resources */ = {isa = PBXBuildFile; fileRef = 52F82F002A89424B00816E34 /* LaunchScreen.storyboard */; };
		52F82F0F2A894B9600816E34 /* LoginController.swift in Sources */ = {isa = PBXBuildFile; fileRef = 52F82F0E2A894B9600816E34 /* LoginController.swift */; };
		52F82F112A89530700816E34 /* UIView+Extension.swift in Sources */ = {isa = PBXBuildFile; fileRef = 52F82F102A89530700816E34 /* UIView+Extension.swift */; };
		52F82F142A89538900816E34 /* UIColor+Extension.swift in Sources */ = {isa = PBXBuildFile; fileRef = 52F82F132A89538900816E34 /* UIColor+Extension.swift */; };
		52F82F162A89581C00816E34 /* UIImage+Extension.swift in Sources */ = {isa = PBXBuildFile; fileRef = 52F82F152A89581C00816E34 /* UIImage+Extension.swift */; };
		52F82F182A895C0000816E34 /* Constraints.swift in Sources */ = {isa = PBXBuildFile; fileRef = 52F82F172A895C0000816E34 /* Constraints.swift */; };
		52F82F1D2A8A3C2400816E34 /* UberTextField.swift in Sources */ = {isa = PBXBuildFile; fileRef = 52F82F1C2A8A3C2400816E34 /* UberTextField.swift */; };
		52F82F1F2A8A3CA700816E34 /* UberTextFieldContainerView.swift in Sources */ = {isa = PBXBuildFile; fileRef = 52F82F1E2A8A3CA700816E34 /* UberTextFieldContainerView.swift */; };
		52F82F212A8AB89C00816E34 /* RegisterController.swift in Sources */ = {isa = PBXBuildFile; fileRef = 52F82F202A8AB89C00816E34 /* RegisterController.swift */; };
		52F82F232A8ABF1600816E34 /* UIFont+Extension.swift in Sources */ = {isa = PBXBuildFile; fileRef = 52F82F222A8ABF1600816E34 /* UIFont+Extension.swift */; };
		52F82F252A8AC5A100816E34 /* UberWideButton.swift in Sources */ = {isa = PBXBuildFile; fileRef = 52F82F242A8AC5A100816E34 /* UberWideButton.swift */; };
		52F82F272A8B8C2400816E34 /* GoogleService-Info.plist in Resources */ = {isa = PBXBuildFile; fileRef = 52F82F262A8B8C2400816E34 /* GoogleService-Info.plist */; };
		52F82F2F2A8B8DC400816E34 /* GeoFire in Frameworks */ = {isa = PBXBuildFile; productRef = 52F82F2E2A8B8DC400816E34 /* GeoFire */; };
		52F82F312A8B8DC400816E34 /* GeoFireUtils in Frameworks */ = {isa = PBXBuildFile; productRef = 52F82F302A8B8DC400816E34 /* GeoFireUtils */; };
		52F82F332A8B900600816E34 /* AuthService.swift in Sources */ = {isa = PBXBuildFile; fileRef = 52F82F322A8B900600816E34 /* AuthService.swift */; };
/* End PBXBuildFile section */

/* Begin PBXFileReference section */
		5233C4132A9AA9C800E8AD4D /* UIViewController+Extension.swift */ = {isa = PBXFileReference; lastKnownFileType = sourcecode.swift; path = "UIViewController+Extension.swift"; sourceTree = "<group>"; };
		5233C4152A9AABE300E8AD4D /* User.swift */ = {isa = PBXFileReference; lastKnownFileType = sourcecode.swift; path = User.swift; sourceTree = "<group>"; };
		5233C41A2A9B6DE100E8AD4D /* UberLoadingIndicator.swift */ = {isa = PBXFileReference; lastKnownFileType = sourcecode.swift; path = UberLoadingIndicator.swift; sourceTree = "<group>"; };
		5283C8E12A9A87AD000593DA /* HomeController.swift */ = {isa = PBXFileReference; lastKnownFileType = sourcecode.swift; path = HomeController.swift; sourceTree = "<group>"; };
		5283C8E62A9AA5AE000593DA /* AccountType.swift */ = {isa = PBXFileReference; lastKnownFileType = sourcecode.swift; path = AccountType.swift; sourceTree = "<group>"; };
		5283C8E82A9AA6EE000593DA /* AuthServiceError.swift */ = {isa = PBXFileReference; lastKnownFileType = sourcecode.swift; path = AuthServiceError.swift; sourceTree = "<group>"; };
		52F82EF22A89424A00816E34 /* UberUIKit.app */ = {isa = PBXFileReference; explicitFileType = wrapper.application; includeInIndex = 0; path = UberUIKit.app; sourceTree = BUILT_PRODUCTS_DIR; };
		52F82EF52A89424A00816E34 /* AppDelegate.swift */ = {isa = PBXFileReference; lastKnownFileType = sourcecode.swift; path = AppDelegate.swift; sourceTree = "<group>"; };
		52F82EF72A89424B00816E34 /* SceneDelegate.swift */ = {isa = PBXFileReference; lastKnownFileType = sourcecode.swift; path = SceneDelegate.swift; sourceTree = "<group>"; };
		52F82EFE2A89424B00816E34 /* Assets.xcassets */ = {isa = PBXFileReference; lastKnownFileType = folder.assetcatalog; path = Assets.xcassets; sourceTree = "<group>"; };
		52F82F012A89424B00816E34 /* Base */ = {isa = PBXFileReference; lastKnownFileType = file.storyboard; name = Base; path = Base.lproj/LaunchScreen.storyboard; sourceTree = "<group>"; };
		52F82F032A89424B00816E34 /* Info.plist */ = {isa = PBXFileReference; lastKnownFileType = text.plist.xml; path = Info.plist; sourceTree = "<group>"; };
		52F82F0E2A894B9600816E34 /* LoginController.swift */ = {isa = PBXFileReference; lastKnownFileType = sourcecode.swift; path = LoginController.swift; sourceTree = "<group>"; };
		52F82F102A89530700816E34 /* UIView+Extension.swift */ = {isa = PBXFileReference; lastKnownFileType = sourcecode.swift; path = "UIView+Extension.swift"; sourceTree = "<group>"; };
		52F82F132A89538900816E34 /* UIColor+Extension.swift */ = {isa = PBXFileReference; lastKnownFileType = sourcecode.swift; path = "UIColor+Extension.swift"; sourceTree = "<group>"; };
		52F82F152A89581C00816E34 /* UIImage+Extension.swift */ = {isa = PBXFileReference; lastKnownFileType = sourcecode.swift; path = "UIImage+Extension.swift"; sourceTree = "<group>"; };
		52F82F172A895C0000816E34 /* Constraints.swift */ = {isa = PBXFileReference; lastKnownFileType = sourcecode.swift; path = Constraints.swift; sourceTree = "<group>"; };
		52F82F1C2A8A3C2400816E34 /* UberTextField.swift */ = {isa = PBXFileReference; lastKnownFileType = sourcecode.swift; path = UberTextField.swift; sourceTree = "<group>"; };
		52F82F1E2A8A3CA700816E34 /* UberTextFieldContainerView.swift */ = {isa = PBXFileReference; lastKnownFileType = sourcecode.swift; path = UberTextFieldContainerView.swift; sourceTree = "<group>"; };
		52F82F202A8AB89C00816E34 /* RegisterController.swift */ = {isa = PBXFileReference; lastKnownFileType = sourcecode.swift; path = RegisterController.swift; sourceTree = "<group>"; };
		52F82F222A8ABF1600816E34 /* UIFont+Extension.swift */ = {isa = PBXFileReference; lastKnownFileType = sourcecode.swift; path = "UIFont+Extension.swift"; sourceTree = "<group>"; };
		52F82F242A8AC5A100816E34 /* UberWideButton.swift */ = {isa = PBXFileReference; lastKnownFileType = sourcecode.swift; path = UberWideButton.swift; sourceTree = "<group>"; };
		52F82F262A8B8C2400816E34 /* GoogleService-Info.plist */ = {isa = PBXFileReference; fileEncoding = 4; lastKnownFileType = text.plist.xml; path = "GoogleService-Info.plist"; sourceTree = "<group>"; };
		52F82F322A8B900600816E34 /* AuthService.swift */ = {isa = PBXFileReference; lastKnownFileType = sourcecode.swift; path = AuthService.swift; sourceTree = "<group>"; };
/* End PBXFileReference section */

/* Begin PBXFrameworksBuildPhase section */
		52F82EEF2A89424A00816E34 /* Frameworks */ = {
			isa = PBXFrameworksBuildPhase;
			buildActionMask = 2147483647;
			files = (
				5283C8E02A9A62D3000593DA /* FirebaseFirestoreSwift in Frameworks */,
				52F82F2F2A8B8DC400816E34 /* GeoFire in Frameworks */,
				5283C8DE2A9A62D3000593DA /* FirebaseFirestore in Frameworks */,
				5283C8DC2A9A62D3000593DA /* FirebaseAuth in Frameworks */,
				5233C4192A9AAD6200E8AD4D /* JGProgressHUD in Frameworks */,
				52F82F312A8B8DC400816E34 /* GeoFireUtils in Frameworks */,
			);
			runOnlyForDeploymentPostprocessing = 0;
		};
/* End PBXFrameworksBuildPhase section */

/* Begin PBXGroup section */
		52F82EE92A89424A00816E34 = {
			isa = PBXGroup;
			children = (
				52F82EF42A89424A00816E34 /* UberUIKit */,
				52F82EF32A89424A00816E34 /* Products */,
			);
			sourceTree = "<group>";
		};
		52F82EF32A89424A00816E34 /* Products */ = {
			isa = PBXGroup;
			children = (
				52F82EF22A89424A00816E34 /* UberUIKit.app */,
			);
			name = Products;
			sourceTree = "<group>";
		};
		52F82EF42A89424A00816E34 /* UberUIKit */ = {
			isa = PBXGroup;
			children = (
				52F82F0C2A894AE200816E34 /* Model */,
				52F82F0B2A894AE000816E34 /* View */,
				52F82F0A2A894AE000816E34 /* Controller */,
				52F82F0D2A894AF500816E34 /* Service */,
				52F82F092A894ADF00816E34 /* Utils */,
				52F82EF52A89424A00816E34 /* AppDelegate.swift */,
				52F82EF72A89424B00816E34 /* SceneDelegate.swift */,
				52F82F002A89424B00816E34 /* LaunchScreen.storyboard */,
				52F82EFE2A89424B00816E34 /* Assets.xcassets */,
				52F82F262A8B8C2400816E34 /* GoogleService-Info.plist */,
				52F82F032A89424B00816E34 /* Info.plist */,
			);
			path = UberUIKit;
			sourceTree = "<group>";
		};
		52F82F092A894ADF00816E34 /* Utils */ = {
			isa = PBXGroup;
			children = (
				52F82F102A89530700816E34 /* UIView+Extension.swift */,
				52F82F152A89581C00816E34 /* UIImage+Extension.swift */,
				52F82F132A89538900816E34 /* UIColor+Extension.swift */,
				52F82F222A8ABF1600816E34 /* UIFont+Extension.swift */,
				5233C4132A9AA9C800E8AD4D /* UIViewController+Extension.swift */,
				52F82F172A895C0000816E34 /* Constraints.swift */,
			);
			path = Utils;
			sourceTree = "<group>";
		};
		52F82F0A2A894AE000816E34 /* Controller */ = {
			isa = PBXGroup;
			children = (
				52F82F0E2A894B9600816E34 /* LoginController.swift */,
				52F82F202A8AB89C00816E34 /* RegisterController.swift */,
				5283C8E12A9A87AD000593DA /* HomeController.swift */,
			);
			path = Controller;
			sourceTree = "<group>";
		};
		52F82F0B2A894AE000816E34 /* View */ = {
			isa = PBXGroup;
			children = (
				52F82F1B2A8A3C1100816E34 /* Reusable */,
			);
			path = View;
			sourceTree = "<group>";
		};
		52F82F0C2A894AE200816E34 /* Model */ = {
			isa = PBXGroup;
			children = (
				5283C8E62A9AA5AE000593DA /* AccountType.swift */,
				5233C4152A9AABE300E8AD4D /* User.swift */,
			);
			path = Model;
			sourceTree = "<group>";
		};
		52F82F0D2A894AF500816E34 /* Service */ = {
			isa = PBXGroup;
			children = (
				52F82F322A8B900600816E34 /* AuthService.swift */,
				5283C8E82A9AA6EE000593DA /* AuthServiceError.swift */,
			);
			path = Service;
			sourceTree = "<group>";
		};
		52F82F1B2A8A3C1100816E34 /* Reusable */ = {
			isa = PBXGroup;
			children = (
				52F82F1C2A8A3C2400816E34 /* UberTextField.swift */,
				52F82F1E2A8A3CA700816E34 /* UberTextFieldContainerView.swift */,
				52F82F242A8AC5A100816E34 /* UberWideButton.swift */,
				5233C41A2A9B6DE100E8AD4D /* UberLoadingIndicator.swift */,
			);
			path = Reusable;
			sourceTree = "<group>";
		};
/* End PBXGroup section */

/* Begin PBXNativeTarget section */
		52F82EF12A89424A00816E34 /* UberUIKit */ = {
			isa = PBXNativeTarget;
			buildConfigurationList = 52F82F062A89424B00816E34 /* Build configuration list for PBXNativeTarget "UberUIKit" */;
			buildPhases = (
				52F82EEE2A89424A00816E34 /* Sources */,
				52F82EEF2A89424A00816E34 /* Frameworks */,
				52F82EF02A89424A00816E34 /* Resources */,
			);
			buildRules = (
			);
			dependencies = (
			);
			name = UberUIKit;
			packageProductDependencies = (
				52F82F2E2A8B8DC400816E34 /* GeoFire */,
				52F82F302A8B8DC400816E34 /* GeoFireUtils */,
				5283C8DB2A9A62D3000593DA /* FirebaseAuth */,
				5283C8DD2A9A62D3000593DA /* FirebaseFirestore */,
				5283C8DF2A9A62D3000593DA /* FirebaseFirestoreSwift */,
				5233C4182A9AAD6200E8AD4D /* JGProgressHUD */,
			);
			productName = UberUIKit;
			productReference = 52F82EF22A89424A00816E34 /* UberUIKit.app */;
			productType = "com.apple.product-type.application";
		};
/* End PBXNativeTarget section */

/* Begin PBXProject section */
		52F82EEA2A89424A00816E34 /* Project object */ = {
			isa = PBXProject;
			attributes = {
				BuildIndependentTargetsInParallel = 1;
				LastSwiftUpdateCheck = 1430;
				LastUpgradeCheck = 1430;
				TargetAttributes = {
					52F82EF12A89424A00816E34 = {
						CreatedOnToolsVersion = 14.3;
					};
				};
			};
			buildConfigurationList = 52F82EED2A89424A00816E34 /* Build configuration list for PBXProject "UberUIKit" */;
			compatibilityVersion = "Xcode 14.0";
			developmentRegion = en;
			hasScannedForEncodings = 0;
			knownRegions = (
				en,
				Base,
			);
			mainGroup = 52F82EE92A89424A00816E34;
			packageReferences = (
				52F82F2D2A8B8DC400816E34 /* XCRemoteSwiftPackageReference "geofire-objc" */,
				5283C8DA2A9A62D3000593DA /* XCRemoteSwiftPackageReference "firebase-ios-sdk" */,
				5233C4172A9AAD6200E8AD4D /* XCRemoteSwiftPackageReference "JGProgressHUD" */,
			);
			productRefGroup = 52F82EF32A89424A00816E34 /* Products */;
			projectDirPath = "";
			projectRoot = "";
			targets = (
				52F82EF12A89424A00816E34 /* UberUIKit */,
			);
		};
/* End PBXProject section */

/* Begin PBXResourcesBuildPhase section */
		52F82EF02A89424A00816E34 /* Resources */ = {
			isa = PBXResourcesBuildPhase;
			buildActionMask = 2147483647;
			files = (
				52F82F022A89424B00816E34 /* LaunchScreen.storyboard in Resources */,
				52F82F272A8B8C2400816E34 /* GoogleService-Info.plist in Resources */,
				52F82EFF2A89424B00816E34 /* Assets.xcassets in Resources */,
			);
			runOnlyForDeploymentPostprocessing = 0;
		};
/* End PBXResourcesBuildPhase section */

/* Begin PBXSourcesBuildPhase section */
		52F82EEE2A89424A00816E34 /* Sources */ = {
			isa = PBXSourcesBuildPhase;
			buildActionMask = 2147483647;
			files = (
				52F82F212A8AB89C00816E34 /* RegisterController.swift in Sources */,
				5283C8E92A9AA6EE000593DA /* AuthServiceError.swift in Sources */,
				52F82EF62A89424A00816E34 /* AppDelegate.swift in Sources */,
				5283C8E22A9A87AD000593DA /* HomeController.swift in Sources */,
				5233C4142A9AA9C800E8AD4D /* UIViewController+Extension.swift in Sources */,
				52F82F182A895C0000816E34 /* Constraints.swift in Sources */,
				5283C8E72A9AA5AE000593DA /* AccountType.swift in Sources */,
				52F82F0F2A894B9600816E34 /* LoginController.swift in Sources */,
				5233C41B2A9B6DE100E8AD4D /* UberLoadingIndicator.swift in Sources */,
				52F82EF82A89424B00816E34 /* SceneDelegate.swift in Sources */,
				52F82F1F2A8A3CA700816E34 /* UberTextFieldContainerView.swift in Sources */,
				52F82F332A8B900600816E34 /* AuthService.swift in Sources */,
				52F82F162A89581C00816E34 /* UIImage+Extension.swift in Sources */,
				52F82F112A89530700816E34 /* UIView+Extension.swift in Sources */,
				52F82F142A89538900816E34 /* UIColor+Extension.swift in Sources */,
				5233C4162A9AABE300E8AD4D /* User.swift in Sources */,
				52F82F1D2A8A3C2400816E34 /* UberTextField.swift in Sources */,
				52F82F252A8AC5A100816E34 /* UberWideButton.swift in Sources */,
				52F82F232A8ABF1600816E34 /* UIFont+Extension.swift in Sources */,
			);
			runOnlyForDeploymentPostprocessing = 0;
		};
/* End PBXSourcesBuildPhase section */

/* Begin PBXVariantGroup section */
		52F82F002A89424B00816E34 /* LaunchScreen.storyboard */ = {
			isa = PBXVariantGroup;
			children = (
				52F82F012A89424B00816E34 /* Base */,
			);
			name = LaunchScreen.storyboard;
			sourceTree = "<group>";
		};
/* End PBXVariantGroup section */

/* Begin XCBuildConfiguration section */
		52F82F042A89424B00816E34 /* Debug */ = {
			isa = XCBuildConfiguration;
			buildSettings = {
				ALWAYS_SEARCH_USER_PATHS = NO;
				CLANG_ANALYZER_NONNULL = YES;
				CLANG_ANALYZER_NUMBER_OBJECT_CONVERSION = YES_AGGRESSIVE;
				CLANG_CXX_LANGUAGE_STANDARD = "gnu++20";
				CLANG_ENABLE_MODULES = YES;
				CLANG_ENABLE_OBJC_ARC = YES;
				CLANG_ENABLE_OBJC_WEAK = YES;
				CLANG_WARN_BLOCK_CAPTURE_AUTORELEASING = YES;
				CLANG_WARN_BOOL_CONVERSION = YES;
				CLANG_WARN_COMMA = YES;
				CLANG_WARN_CONSTANT_CONVERSION = YES;
				CLANG_WARN_DEPRECATED_OBJC_IMPLEMENTATIONS = YES;
				CLANG_WARN_DIRECT_OBJC_ISA_USAGE = YES_ERROR;
				CLANG_WARN_DOCUMENTATION_COMMENTS = YES;
				CLANG_WARN_EMPTY_BODY = YES;
				CLANG_WARN_ENUM_CONVERSION = YES;
				CLANG_WARN_INFINITE_RECURSION = YES;
				CLANG_WARN_INT_CONVERSION = YES;
				CLANG_WARN_NON_LITERAL_NULL_CONVERSION = YES;
				CLANG_WARN_OBJC_IMPLICIT_RETAIN_SELF = YES;
				CLANG_WARN_OBJC_LITERAL_CONVERSION = YES;
				CLANG_WARN_OBJC_ROOT_CLASS = YES_ERROR;
				CLANG_WARN_QUOTED_INCLUDE_IN_FRAMEWORK_HEADER = YES;
				CLANG_WARN_RANGE_LOOP_ANALYSIS = YES;
				CLANG_WARN_STRICT_PROTOTYPES = YES;
				CLANG_WARN_SUSPICIOUS_MOVE = YES;
				CLANG_WARN_UNGUARDED_AVAILABILITY = YES_AGGRESSIVE;
				CLANG_WARN_UNREACHABLE_CODE = YES;
				CLANG_WARN__DUPLICATE_METHOD_MATCH = YES;
				COPY_PHASE_STRIP = NO;
				DEBUG_INFORMATION_FORMAT = dwarf;
				ENABLE_STRICT_OBJC_MSGSEND = YES;
				ENABLE_TESTABILITY = YES;
				GCC_C_LANGUAGE_STANDARD = gnu11;
				GCC_DYNAMIC_NO_PIC = NO;
				GCC_NO_COMMON_BLOCKS = YES;
				GCC_OPTIMIZATION_LEVEL = 0;
				GCC_PREPROCESSOR_DEFINITIONS = (
					"DEBUG=1",
					"$(inherited)",
				);
				GCC_WARN_64_TO_32_BIT_CONVERSION = YES;
				GCC_WARN_ABOUT_RETURN_TYPE = YES_ERROR;
				GCC_WARN_UNDECLARED_SELECTOR = YES;
				GCC_WARN_UNINITIALIZED_AUTOS = YES_AGGRESSIVE;
				GCC_WARN_UNUSED_FUNCTION = YES;
				GCC_WARN_UNUSED_VARIABLE = YES;
				INFOPLIST_KEY_NSMainStoryboardFile = "";
				IPHONEOS_DEPLOYMENT_TARGET = 16.4;
				MTL_ENABLE_DEBUG_INFO = INCLUDE_SOURCE;
				MTL_FAST_MATH = YES;
				ONLY_ACTIVE_ARCH = YES;
				SDKROOT = iphoneos;
				SWIFT_ACTIVE_COMPILATION_CONDITIONS = DEBUG;
				SWIFT_OPTIMIZATION_LEVEL = "-Onone";
			};
			name = Debug;
		};
		52F82F052A89424B00816E34 /* Release */ = {
			isa = XCBuildConfiguration;
			buildSettings = {
				ALWAYS_SEARCH_USER_PATHS = NO;
				CLANG_ANALYZER_NONNULL = YES;
				CLANG_ANALYZER_NUMBER_OBJECT_CONVERSION = YES_AGGRESSIVE;
				CLANG_CXX_LANGUAGE_STANDARD = "gnu++20";
				CLANG_ENABLE_MODULES = YES;
				CLANG_ENABLE_OBJC_ARC = YES;
				CLANG_ENABLE_OBJC_WEAK = YES;
				CLANG_WARN_BLOCK_CAPTURE_AUTORELEASING = YES;
				CLANG_WARN_BOOL_CONVERSION = YES;
				CLANG_WARN_COMMA = YES;
				CLANG_WARN_CONSTANT_CONVERSION = YES;
				CLANG_WARN_DEPRECATED_OBJC_IMPLEMENTATIONS = YES;
				CLANG_WARN_DIRECT_OBJC_ISA_USAGE = YES_ERROR;
				CLANG_WARN_DOCUMENTATION_COMMENTS = YES;
				CLANG_WARN_EMPTY_BODY = YES;
				CLANG_WARN_ENUM_CONVERSION = YES;
				CLANG_WARN_INFINITE_RECURSION = YES;
				CLANG_WARN_INT_CONVERSION = YES;
				CLANG_WARN_NON_LITERAL_NULL_CONVERSION = YES;
				CLANG_WARN_OBJC_IMPLICIT_RETAIN_SELF = YES;
				CLANG_WARN_OBJC_LITERAL_CONVERSION = YES;
				CLANG_WARN_OBJC_ROOT_CLASS = YES_ERROR;
				CLANG_WARN_QUOTED_INCLUDE_IN_FRAMEWORK_HEADER = YES;
				CLANG_WARN_RANGE_LOOP_ANALYSIS = YES;
				CLANG_WARN_STRICT_PROTOTYPES = YES;
				CLANG_WARN_SUSPICIOUS_MOVE = YES;
				CLANG_WARN_UNGUARDED_AVAILABILITY = YES_AGGRESSIVE;
				CLANG_WARN_UNREACHABLE_CODE = YES;
				CLANG_WARN__DUPLICATE_METHOD_MATCH = YES;
				COPY_PHASE_STRIP = NO;
				DEBUG_INFORMATION_FORMAT = "dwarf-with-dsym";
				ENABLE_NS_ASSERTIONS = NO;
				ENABLE_STRICT_OBJC_MSGSEND = YES;
				GCC_C_LANGUAGE_STANDARD = gnu11;
				GCC_NO_COMMON_BLOCKS = YES;
				GCC_WARN_64_TO_32_BIT_CONVERSION = YES;
				GCC_WARN_ABOUT_RETURN_TYPE = YES_ERROR;
				GCC_WARN_UNDECLARED_SELECTOR = YES;
				GCC_WARN_UNINITIALIZED_AUTOS = YES_AGGRESSIVE;
				GCC_WARN_UNUSED_FUNCTION = YES;
				GCC_WARN_UNUSED_VARIABLE = YES;
				INFOPLIST_KEY_NSMainStoryboardFile = "";
				IPHONEOS_DEPLOYMENT_TARGET = 16.4;
				MTL_ENABLE_DEBUG_INFO = NO;
				MTL_FAST_MATH = YES;
				SDKROOT = iphoneos;
				SWIFT_COMPILATION_MODE = wholemodule;
				SWIFT_OPTIMIZATION_LEVEL = "-O";
				VALIDATE_PRODUCT = YES;
			};
			name = Release;
		};
		52F82F072A89424B00816E34 /* Debug */ = {
			isa = XCBuildConfiguration;
			buildSettings = {
				ASSETCATALOG_COMPILER_APPICON_NAME = AppIcon;
				ASSETCATALOG_COMPILER_GLOBAL_ACCENT_COLOR_NAME = AccentColor;
				CODE_SIGN_STYLE = Automatic;
				CURRENT_PROJECT_VERSION = 1;
				DEVELOPMENT_TEAM = QZ46JW4C9U;
				GENERATE_INFOPLIST_FILE = YES;
				INFOPLIST_FILE = UberUIKit/Info.plist;
				INFOPLIST_KEY_NSMainStoryboardFile = "";
				INFOPLIST_KEY_UIApplicationSupportsIndirectInputEvents = YES;
				INFOPLIST_KEY_UILaunchStoryboardName = LaunchScreen;
				INFOPLIST_KEY_UIStatusBarStyle = "";
				INFOPLIST_KEY_UISupportedInterfaceOrientations = UIInterfaceOrientationPortrait;
				LD_RUNPATH_SEARCH_PATHS = (
					"$(inherited)",
					"@executable_path/Frameworks",
				);
				MARKETING_VERSION = 1.0;
				PRODUCT_BUNDLE_IDENTIFIER = top.maciejcan.UberUIKit;
				PRODUCT_NAME = "$(TARGET_NAME)";
				SUPPORTED_PLATFORMS = "iphoneos iphonesimulator";
				SUPPORTS_MACCATALYST = NO;
				SUPPORTS_MAC_DESIGNED_FOR_IPHONE_IPAD = NO;
				SWIFT_EMIT_LOC_STRINGS = YES;
				SWIFT_VERSION = 5.0;
				TARGETED_DEVICE_FAMILY = 1;
			};
			name = Debug;
		};
		52F82F082A89424B00816E34 /* Release */ = {
			isa = XCBuildConfiguration;
			buildSettings = {
				ASSETCATALOG_COMPILER_APPICON_NAME = AppIcon;
				ASSETCATALOG_COMPILER_GLOBAL_ACCENT_COLOR_NAME = AccentColor;
				CODE_SIGN_STYLE = Automatic;
				CURRENT_PROJECT_VERSION = 1;
				DEVELOPMENT_TEAM = QZ46JW4C9U;
				GENERATE_INFOPLIST_FILE = YES;
				INFOPLIST_FILE = UberUIKit/Info.plist;
				INFOPLIST_KEY_NSMainStoryboardFile = "";
				INFOPLIST_KEY_UIApplicationSupportsIndirectInputEvents = YES;
				INFOPLIST_KEY_UILaunchStoryboardName = LaunchScreen;
				INFOPLIST_KEY_UIStatusBarStyle = "";
				INFOPLIST_KEY_UISupportedInterfaceOrientations = UIInterfaceOrientationPortrait;
				LD_RUNPATH_SEARCH_PATHS = (
					"$(inherited)",
					"@executable_path/Frameworks",
				);
				MARKETING_VERSION = 1.0;
				PRODUCT_BUNDLE_IDENTIFIER = top.maciejcan.UberUIKit;
				PRODUCT_NAME = "$(TARGET_NAME)";
				SUPPORTED_PLATFORMS = "iphoneos iphonesimulator";
				SUPPORTS_MACCATALYST = NO;
				SUPPORTS_MAC_DESIGNED_FOR_IPHONE_IPAD = NO;
				SWIFT_EMIT_LOC_STRINGS = YES;
				SWIFT_VERSION = 5.0;
				TARGETED_DEVICE_FAMILY = 1;
			};
			name = Release;
		};
/* End XCBuildConfiguration section */

/* Begin XCConfigurationList section */
		52F82EED2A89424A00816E34 /* Build configuration list for PBXProject "UberUIKit" */ = {
			isa = XCConfigurationList;
			buildConfigurations = (
				52F82F042A89424B00816E34 /* Debug */,
				52F82F052A89424B00816E34 /* Release */,
			);
			defaultConfigurationIsVisible = 0;
			defaultConfigurationName = Release;
		};
		52F82F062A89424B00816E34 /* Build configuration list for PBXNativeTarget "UberUIKit" */ = {
			isa = XCConfigurationList;
			buildConfigurations = (
				52F82F072A89424B00816E34 /* Debug */,
				52F82F082A89424B00816E34 /* Release */,
			);
			defaultConfigurationIsVisible = 0;
			defaultConfigurationName = Release;
		};
/* End XCConfigurationList section */

/* Begin XCRemoteSwiftPackageReference section */
		5233C4172A9AAD6200E8AD4D /* XCRemoteSwiftPackageReference "JGProgressHUD" */ = {
			isa = XCRemoteSwiftPackageReference;
			repositoryURL = "https://github.com/JonasGessner/JGProgressHUD";
			requirement = {
				branch = master;
				kind = branch;
			};
		};
		5283C8DA2A9A62D3000593DA /* XCRemoteSwiftPackageReference "firebase-ios-sdk" */ = {
			isa = XCRemoteSwiftPackageReference;
			repositoryURL = "https://github.com/firebase/firebase-ios-sdk";
			requirement = {
				branch = master;
				kind = branch;
			};
		};
		52F82F2D2A8B8DC400816E34 /* XCRemoteSwiftPackageReference "geofire-objc" */ = {
			isa = XCRemoteSwiftPackageReference;
			repositoryURL = "https://github.com/firebase/geofire-objc";
			requirement = {
				branch = master;
				kind = branch;
			};
		};
/* End XCRemoteSwiftPackageReference section */

/* Begin XCSwiftPackageProductDependency section */
		5233C4182A9AAD6200E8AD4D /* JGProgressHUD */ = {
			isa = XCSwiftPackageProductDependency;
			package = 5233C4172A9AAD6200E8AD4D /* XCRemoteSwiftPackageReference "JGProgressHUD" */;
			productName = JGProgressHUD;
		};
		5283C8DB2A9A62D3000593DA /* FirebaseAuth */ = {
			isa = XCSwiftPackageProductDependency;
			package = 5283C8DA2A9A62D3000593DA /* XCRemoteSwiftPackageReference "firebase-ios-sdk" */;
			productName = FirebaseAuth;
		};
		5283C8DD2A9A62D3000593DA /* FirebaseFirestore */ = {
			isa = XCSwiftPackageProductDependency;
			package = 5283C8DA2A9A62D3000593DA /* XCRemoteSwiftPackageReference "firebase-ios-sdk" */;
			productName = FirebaseFirestore;
		};
		5283C8DF2A9A62D3000593DA /* FirebaseFirestoreSwift */ = {
			isa = XCSwiftPackageProductDependency;
			package = 5283C8DA2A9A62D3000593DA /* XCRemoteSwiftPackageReference "firebase-ios-sdk" */;
			productName = FirebaseFirestoreSwift;
		};
		52F82F2E2A8B8DC400816E34 /* GeoFire */ = {
			isa = XCSwiftPackageProductDependency;
			package = 52F82F2D2A8B8DC400816E34 /* XCRemoteSwiftPackageReference "geofire-objc" */;
			productName = GeoFire;
		};
		52F82F302A8B8DC400816E34 /* GeoFireUtils */ = {
			isa = XCSwiftPackageProductDependency;
			package = 52F82F2D2A8B8DC400816E34 /* XCRemoteSwiftPackageReference "geofire-objc" */;
			productName = GeoFireUtils;
		};
/* End XCSwiftPackageProductDependency section */
	};
	rootObject = 52F82EEA2A89424A00816E34 /* Project object */;
}
